
Microsoft Visual Studio Solution File, Format Version 12.00
# Visual Studio 15
VisualStudioVersion = 15.0.25807.0
MinimumVisualStudioVersion = 10.0.40219.1
Project("{2150E333-8FDC-42A3-9474-1A3956D46DE8}") = "Engine", "Engine", "{72048537-BF8F-4FDE-BD81-B12CE7D0D0F9}"
EndProject
Project("{2150E333-8FDC-42A3-9474-1A3956D46DE8}") = "Games", "Games", "{9001D076-B803-401B-A2C4-6519BA2852CE}"
EndProject
Project("{8BC9CEB8-8B4A-11D0-8D11-00A0C91BC942}") = "UE4", "Intermediate\ProjectFiles\UE4.vcxproj", "{A66AC27A-3FC4-496D-88D8-BD73E82F24E8}"
EndProject
Project("{8BC9CEB8-8B4A-11D0-8D11-00A0C91BC942}") = "SundownPrototype", "Intermediate\ProjectFiles\SundownPrototype.vcxproj", "{EE1FB7F3-14E3-4027-AF0B-1895279A22AB}"
EndProject
Global
	GlobalSection(SolutionConfigurationPlatforms) = preSolution
		DebugGame Editor|HTML5 = DebugGame Editor|HTML5
		DebugGame Editor|Win32 = DebugGame Editor|Win32
		DebugGame Editor|Win64 = DebugGame Editor|Win64
		DebugGame|HTML5 = DebugGame|HTML5
		DebugGame|Win32 = DebugGame|Win32
		DebugGame|Win64 = DebugGame|Win64
		Development Editor|HTML5 = Development Editor|HTML5
		Development Editor|Win32 = Development Editor|Win32
		Development Editor|Win64 = Development Editor|Win64
		Development|HTML5 = Development|HTML5
		Development|Win32 = Development|Win32
		Development|Win64 = Development|Win64
		Shipping|HTML5 = Shipping|HTML5
		Shipping|Win32 = Shipping|Win32
		Shipping|Win64 = Shipping|Win64
	EndGlobalSection
	GlobalSection(ProjectConfigurationPlatforms) = postSolution
		{A66AC27A-3FC4-496D-88D8-BD73E82F24E8}.DebugGame Editor|HTML5.ActiveCfg = BuiltWithUnrealBuildTool|Win32
		{A66AC27A-3FC4-496D-88D8-BD73E82F24E8}.DebugGame Editor|HTML5.Build.0 = BuiltWithUnrealBuildTool|Win32
		{A66AC27A-3FC4-496D-88D8-BD73E82F24E8}.DebugGame Editor|Win32.ActiveCfg = BuiltWithUnrealBuildTool|Win32
		{A66AC27A-3FC4-496D-88D8-BD73E82F24E8}.DebugGame Editor|Win32.Build.0 = BuiltWithUnrealBuildTool|Win32
		{A66AC27A-3FC4-496D-88D8-BD73E82F24E8}.DebugGame Editor|Win64.ActiveCfg = BuiltWithUnrealBuildTool|Win32
		{A66AC27A-3FC4-496D-88D8-BD73E82F24E8}.DebugGame Editor|Win64.Build.0 = BuiltWithUnrealBuildTool|Win32
		{A66AC27A-3FC4-496D-88D8-BD73E82F24E8}.DebugGame|HTML5.ActiveCfg = BuiltWithUnrealBuildTool|Win32
		{A66AC27A-3FC4-496D-88D8-BD73E82F24E8}.DebugGame|HTML5.Build.0 = BuiltWithUnrealBuildTool|Win32
		{A66AC27A-3FC4-496D-88D8-BD73E82F24E8}.DebugGame|Win32.ActiveCfg = BuiltWithUnrealBuildTool|Win32
		{A66AC27A-3FC4-496D-88D8-BD73E82F24E8}.DebugGame|Win32.Build.0 = BuiltWithUnrealBuildTool|Win32
		{A66AC27A-3FC4-496D-88D8-BD73E82F24E8}.DebugGame|Win64.ActiveCfg = BuiltWithUnrealBuildTool|Win32
		{A66AC27A-3FC4-496D-88D8-BD73E82F24E8}.DebugGame|Win64.Build.0 = BuiltWithUnrealBuildTool|Win32
		{A66AC27A-3FC4-496D-88D8-BD73E82F24E8}.Development Editor|HTML5.ActiveCfg = BuiltWithUnrealBuildTool|Win32
		{A66AC27A-3FC4-496D-88D8-BD73E82F24E8}.Development Editor|HTML5.Build.0 = BuiltWithUnrealBuildTool|Win32
		{A66AC27A-3FC4-496D-88D8-BD73E82F24E8}.Development Editor|Win32.ActiveCfg = BuiltWithUnrealBuildTool|Win32
		{A66AC27A-3FC4-496D-88D8-BD73E82F24E8}.Development Editor|Win32.Build.0 = BuiltWithUnrealBuildTool|Win32
		{A66AC27A-3FC4-496D-88D8-BD73E82F24E8}.Development Editor|Win64.ActiveCfg = BuiltWithUnrealBuildTool|Win32
		{A66AC27A-3FC4-496D-88D8-BD73E82F24E8}.Development Editor|Win64.Build.0 = BuiltWithUnrealBuildTool|Win32
		{A66AC27A-3FC4-496D-88D8-BD73E82F24E8}.Development|HTML5.ActiveCfg = BuiltWithUnrealBuildTool|Win32
		{A66AC27A-3FC4-496D-88D8-BD73E82F24E8}.Development|HTML5.Build.0 = BuiltWithUnrealBuildTool|Win32
		{A66AC27A-3FC4-496D-88D8-BD73E82F24E8}.Development|Win32.ActiveCfg = BuiltWithUnrealBuildTool|Win32
		{A66AC27A-3FC4-496D-88D8-BD73E82F24E8}.Development|Win32.Build.0 = BuiltWithUnrealBuildTool|Win32
		{A66AC27A-3FC4-496D-88D8-BD73E82F24E8}.Development|Win64.ActiveCfg = BuiltWithUnrealBuildTool|Win32
		{A66AC27A-3FC4-496D-88D8-BD73E82F24E8}.Development|Win64.Build.0 = BuiltWithUnrealBuildTool|Win32
		{A66AC27A-3FC4-496D-88D8-BD73E82F24E8}.Shipping|HTML5.ActiveCfg = BuiltWithUnrealBuildTool|Win32
		{A66AC27A-3FC4-496D-88D8-BD73E82F24E8}.Shipping|HTML5.Build.0 = BuiltWithUnrealBuildTool|Win32
		{A66AC27A-3FC4-496D-88D8-BD73E82F24E8}.Shipping|Win32.ActiveCfg = BuiltWithUnrealBuildTool|Win32
		{A66AC27A-3FC4-496D-88D8-BD73E82F24E8}.Shipping|Win32.Build.0 = BuiltWithUnrealBuildTool|Win32
		{A66AC27A-3FC4-496D-88D8-BD73E82F24E8}.Shipping|Win64.ActiveCfg = BuiltWithUnrealBuildTool|Win32
		{A66AC27A-3FC4-496D-88D8-BD73E82F24E8}.Shipping|Win64.Build.0 = BuiltWithUnrealBuildTool|Win32
		{EE1FB7F3-14E3-4027-AF0B-1895279A22AB}.DebugGame Editor|HTML5.ActiveCfg = HTML5_DebugGame_Editor|Win32
		{EE1FB7F3-14E3-4027-AF0B-1895279A22AB}.DebugGame Editor|Win32.ActiveCfg = DebugGame_Editor|Win32
		{EE1FB7F3-14E3-4027-AF0B-1895279A22AB}.DebugGame Editor|Win64.ActiveCfg = DebugGame_Editor|x64
		{EE1FB7F3-14E3-4027-AF0B-1895279A22AB}.DebugGame Editor|Win64.Build.0 = DebugGame_Editor|x64
		{EE1FB7F3-14E3-4027-AF0B-1895279A22AB}.DebugGame|HTML5.ActiveCfg = HTML5_DebugGame_Game|Win32
		{EE1FB7F3-14E3-4027-AF0B-1895279A22AB}.DebugGame|HTML5.Build.0 = HTML5_DebugGame_Game|Win32
		{EE1FB7F3-14E3-4027-AF0B-1895279A22AB}.DebugGame|Win32.ActiveCfg = DebugGame_Game|Win32
		{EE1FB7F3-14E3-4027-AF0B-1895279A22AB}.DebugGame|Win32.Build.0 = DebugGame_Game|Win32
		{EE1FB7F3-14E3-4027-AF0B-1895279A22AB}.DebugGame|Win64.ActiveCfg = DebugGame_Game|x64
		{EE1FB7F3-14E3-4027-AF0B-1895279A22AB}.DebugGame|Win64.Build.0 = DebugGame_Game|x64
		{EE1FB7F3-14E3-4027-AF0B-1895279A22AB}.Development Editor|HTML5.ActiveCfg = HTML5_Development_Editor|Win32
		{EE1FB7F3-14E3-4027-AF0B-1895279A22AB}.Development Editor|Win32.ActiveCfg = Development_Editor|Win32
		{EE1FB7F3-14E3-4027-AF0B-1895279A22AB}.Development Editor|Win64.ActiveCfg = Development_Editor|x64
		{EE1FB7F3-14E3-4027-AF0B-1895279A22AB}.Development Editor|Win64.Build.0 = Development_Editor|x64
		{EE1FB7F3-14E3-4027-AF0B-1895279A22AB}.Development|HTML5.ActiveCfg = HTML5_Development_Game|Win32
		{EE1FB7F3-14E3-4027-AF0B-1895279A22AB}.Development|HTML5.Build.0 = HTML5_Development_Game|Win32
		{EE1FB7F3-14E3-4027-AF0B-1895279A22AB}.Development|Win32.ActiveCfg = Development_Game|Win32
		{EE1FB7F3-14E3-4027-AF0B-1895279A22AB}.Development|Win32.Build.0 = Development_Game|Win32
		{EE1FB7F3-14E3-4027-AF0B-1895279A22AB}.Development|Win64.ActiveCfg = Development_Game|x64
		{EE1FB7F3-14E3-4027-AF0B-1895279A22AB}.Development|Win64.Build.0 = Development_Game|x64
		{EE1FB7F3-14E3-4027-AF0B-1895279A22AB}.Shipping|HTML5.ActiveCfg = HTML5_Shipping_Game|Win32
		{EE1FB7F3-14E3-4027-AF0B-1895279A22AB}.Shipping|HTML5.Build.0 = HTML5_Shipping_Game|Win32
		{EE1FB7F3-14E3-4027-AF0B-1895279A22AB}.Shipping|Win32.ActiveCfg = Shipping_Game|Win32
		{EE1FB7F3-14E3-4027-AF0B-1895279A22AB}.Shipping|Win32.Build.0 = Shipping_Game|Win32
		{EE1FB7F3-14E3-4027-AF0B-1895279A22AB}.Shipping|Win64.ActiveCfg = Shipping_Game|x64
		{EE1FB7F3-14E3-4027-AF0B-1895279A22AB}.Shipping|Win64.Build.0 = Shipping_Game|x64
	EndGlobalSection
	GlobalSection(SolutionProperties) = preSolution
		HideSolutionNode = FALSE
	EndGlobalSection
	GlobalSection(NestedProjects) = preSolution
		{A66AC27A-3FC4-496D-88D8-BD73E82F24E8} = {72048537-BF8F-4FDE-BD81-B12CE7D0D0F9}
		{EE1FB7F3-14E3-4027-AF0B-1895279A22AB} = {9001D076-B803-401B-A2C4-6519BA2852CE}
	EndGlobalSection
	GlobalSection(ExtensibilityGlobals) = postSolution
		SolutionGuid = {2F2E9602-AC7B-41C1-BD32-4443734E7717}
	EndGlobalSection
EndGlobal
